
Microsoft Visual Studio Solution File, Format Version 12.00
# Visual Studio Version 17
VisualStudioVersion = 17.14.37516.0 d17.14
MinimumVisualStudioVersion = 10.0.40219.1
Project("{FAE04EC0-301F-11D3-BF4B-00C04F79EFBC}") = "013-WhileLoop", "013-WhileLoop.csproj", "{FA89D48B-8AD6-4061-A9EE-8DAB0836FD4A}"
EndProject
Global
	GlobalSection(SolutionConfigurationPlatforms) = preSolution
		Debug|Any CPU = Debug|Any CPU
		Release|Any CPU = Release|Any CPU
	EndGlobalSection
	GlobalSection(ProjectConfigurationPlatforms) = postSolution
		{FA89D48B-8AD6-4061-A9EE-8DAB0836FD4A}.Debug|Any CPU.ActiveCfg = Debug|Any CPU
		{FA89D48B-8AD6-4061-A9EE-8DAB0836FD4A}.Debug|Any CPU.Build.0 = Debug|Any CPU
		{FA89D48B-8AD6-4061-A9EE-8DAB0836FD4A}.Release|Any CPU.ActiveCfg = Release|Any CPU
		{FA89D48B-8AD6-4061-A9EE-8DAB0836FD4A}.Release|Any CPU.Build.0 = Release|Any CPU
	EndGlobalSection
	GlobalSection(SolutionProperties) = preSolution
		HideSolutionNode = FALSE
	EndGlobalSection
	GlobalSection(ExtensibilityGlobals) = postSolution
		SolutionGuid = {1626A3B1-505A-4590-A07B-16CD37C8E80B}
	EndGlobalSection
EndGlobal
