
Microsoft Visual Studio Solution File, Format Version 12.00
# Visual Studio Version 17
VisualStudioVersion = 17.14.37502.11 d17.14
MinimumVisualStudioVersion = 10.0.40219.1
Project("{FAE04EC0-301F-11D3-BF4B-00C04F79EFBC}") = "010-NestedIf", "010-NestedIf.csproj", "{AED8237D-9935-4446-B437-C3CCF7CAB494}"
EndProject
Global
	GlobalSection(SolutionConfigurationPlatforms) = preSolution
		Debug|Any CPU = Debug|Any CPU
		Release|Any CPU = Release|Any CPU
	EndGlobalSection
	GlobalSection(ProjectConfigurationPlatforms) = postSolution
		{AED8237D-9935-4446-B437-C3CCF7CAB494}.Debug|Any CPU.ActiveCfg = Debug|Any CPU
		{AED8237D-9935-4446-B437-C3CCF7CAB494}.Debug|Any CPU.Build.0 = Debug|Any CPU
		{AED8237D-9935-4446-B437-C3CCF7CAB494}.Release|Any CPU.ActiveCfg = Release|Any CPU
		{AED8237D-9935-4446-B437-C3CCF7CAB494}.Release|Any CPU.Build.0 = Release|Any CPU
	EndGlobalSection
	GlobalSection(SolutionProperties) = preSolution
		HideSolutionNode = FALSE
	EndGlobalSection
	GlobalSection(ExtensibilityGlobals) = postSolution
		SolutionGuid = {E0FA3BFF-D398-482D-95CC-AA4177056F78}
	EndGlobalSection
EndGlobal
